
Microsoft Visual Studio Solution File, Format Version 12.00
# Visual Studio Version 16
VisualStudioVersion = 16.0.31424.327
MinimumVisualStudioVersion = 10.0.40219.1
Project("{FAE04EC0-301F-11D3-BF4B-00C04F79EFBC}") = "LinkShortener", "LinkShortener\LinkShortener.csproj", "{68157250-26FC-4C81-83D9-59059C9066CA}"
EndProject
Global
	GlobalSection(SolutionConfigurationPlatforms) = preSolution
		Debug|Any CPU = Debug|Any CPU
		Release|Any CPU = Release|Any CPU
	EndGlobalSection
	GlobalSection(ProjectConfigurationPlatforms) = postSolution
		{68157250-26FC-4C81-83D9-59059C9066CA}.Debug|Any CPU.ActiveCfg = Debug|Any CPU
		{68157250-26FC-4C81-83D9-59059C9066CA}.Debug|Any CPU.Build.0 = Debug|Any CPU
		{68157250-26FC-4C81-83D9-59059C9066CA}.Release|Any CPU.ActiveCfg = Release|Any CPU
		{68157250-26FC-4C81-83D9-59059C9066CA}.Release|Any CPU.Build.0 = Release|Any CPU
	EndGlobalSection
	GlobalSection(SolutionProperties) = preSolution
		HideSolutionNode = FALSE
	EndGlobalSection
	GlobalSection(ExtensibilityGlobals) = postSolution
		SolutionGuid = {7808F102-1E01-40CA-BCEC-AF8D1EEDE355}
	EndGlobalSection
EndGlobal
